
Microsoft Visual Studio Solution File, Format Version 12.00
# Visual Studio Version 17
VisualStudioVersion = 17.10.35027.167
MinimumVisualStudioVersion = 10.0.40219.1
Project("{FAE04EC0-301F-11D3-BF4B-00C04F79EFBC}") = "ControleContatos", "ControleContatos\ControleContatos.csproj", "{164E3C72-7368-4612-A8C2-EB9DC9DAB7CD}"
EndProject
Global
	GlobalSection(SolutionConfigurationPlatforms) = preSolution
		Debug|Any CPU = Debug|Any CPU
		Release|Any CPU = Release|Any CPU
	EndGlobalSection
	GlobalSection(ProjectConfigurationPlatforms) = postSolution
		{164E3C72-7368-4612-A8C2-EB9DC9DAB7CD}.Debug|Any CPU.ActiveCfg = Debug|Any CPU
		{164E3C72-7368-4612-A8C2-EB9DC9DAB7CD}.Debug|Any CPU.Build.0 = Debug|Any CPU
		{164E3C72-7368-4612-A8C2-EB9DC9DAB7CD}.Release|Any CPU.ActiveCfg = Release|Any CPU
		{164E3C72-7368-4612-A8C2-EB9DC9DAB7CD}.Release|Any CPU.Build.0 = Release|Any CPU
	EndGlobalSection
	GlobalSection(SolutionProperties) = preSolution
		HideSolutionNode = FALSE
	EndGlobalSection
	GlobalSection(ExtensibilityGlobals) = postSolution
		SolutionGuid = {CC4C4940-1CDD-4AD8-A772-F92CD98B91D3}
	EndGlobalSection
EndGlobal
